
Microsoft Visual Studio Solution File, Format Version 12.00
# Visual Studio Version 16
VisualStudioVersion = 16.0.30621.155
MinimumVisualStudioVersion = 10.0.40219.1
Project("{9A19103F-16F7-4668-BE54-9A1E7A4F7556}") = "ConsoleItemManagement", "ConsoleItemManagement\ConsoleItemManagement.csproj", "{BA4719C8-EE3D-4FE4-8CBB-22027AF76656}"
EndProject
Project("{9A19103F-16F7-4668-BE54-9A1E7A4F7556}") = "UnitTestItemManagement", "UnitTestItemManagement\UnitTestItemManagement.csproj", "{AFB1966B-BE6E-4790-966C-CACCC8C8B432}"
EndProject
Project("{FAE04EC0-301F-11D3-BF4B-00C04F79EFBC}") = "MockUserInput", "MockUserInput\MockUserInput.csproj", "{D69DF2B9-9562-45FA-8AC3-A9F9B839FD8A}"
EndProject
Global
	GlobalSection(SolutionConfigurationPlatforms) = preSolution
		Debug|Any CPU = Debug|Any CPU
		Release|Any CPU = Release|Any CPU
	EndGlobalSection
	GlobalSection(ProjectConfigurationPlatforms) = postSolution
		{BA4719C8-EE3D-4FE4-8CBB-22027AF76656}.Debug|Any CPU.ActiveCfg = Debug|Any CPU
		{BA4719C8-EE3D-4FE4-8CBB-22027AF76656}.Debug|Any CPU.Build.0 = Debug|Any CPU
		{BA4719C8-EE3D-4FE4-8CBB-22027AF76656}.Release|Any CPU.ActiveCfg = Release|Any CPU
		{BA4719C8-EE3D-4FE4-8CBB-22027AF76656}.Release|Any CPU.Build.0 = Release|Any CPU
		{AFB1966B-BE6E-4790-966C-CACCC8C8B432}.Debug|Any CPU.ActiveCfg = Debug|Any CPU
		{AFB1966B-BE6E-4790-966C-CACCC8C8B432}.Debug|Any CPU.Build.0 = Debug|Any CPU
		{AFB1966B-BE6E-4790-966C-CACCC8C8B432}.Release|Any CPU.ActiveCfg = Release|Any CPU
		{AFB1966B-BE6E-4790-966C-CACCC8C8B432}.Release|Any CPU.Build.0 = Release|Any CPU
		{D69DF2B9-9562-45FA-8AC3-A9F9B839FD8A}.Debug|Any CPU.ActiveCfg = Debug|Any CPU
		{D69DF2B9-9562-45FA-8AC3-A9F9B839FD8A}.Debug|Any CPU.Build.0 = Debug|Any CPU
		{D69DF2B9-9562-45FA-8AC3-A9F9B839FD8A}.Release|Any CPU.ActiveCfg = Release|Any CPU
		{D69DF2B9-9562-45FA-8AC3-A9F9B839FD8A}.Release|Any CPU.Build.0 = Release|Any CPU
	EndGlobalSection
	GlobalSection(SolutionProperties) = preSolution
		HideSolutionNode = FALSE
	EndGlobalSection
	GlobalSection(ExtensibilityGlobals) = postSolution
		SolutionGuid = {FF3D13C2-50A4-4A10-9302-F17A6D0256EA}
	EndGlobalSection
EndGlobal
